
Microsoft Visual Studio Solution File, Format Version 12.00
# Visual Studio 15
VisualStudioVersion = 15.0.27004.2009
MinimumVisualStudioVersion = 10.0.40219.1
Project("{FAE04EC0-301F-11D3-BF4B-00C04F79EFBC}") = "FinalWebProject", "FinalWebProject\FinalWebProject.csproj", "{DE2A4AB6-8ECE-4B5A-B399-987019B1343C}"
EndProject
Global
	GlobalSection(SolutionConfigurationPlatforms) = preSolution
		Debug|Any CPU = Debug|Any CPU
		Release|Any CPU = Release|Any CPU
	EndGlobalSection
	GlobalSection(ProjectConfigurationPlatforms) = postSolution
		{DE2A4AB6-8ECE-4B5A-B399-987019B1343C}.Debug|Any CPU.ActiveCfg = Debug|Any CPU
		{DE2A4AB6-8ECE-4B5A-B399-987019B1343C}.Debug|Any CPU.Build.0 = Debug|Any CPU
		{DE2A4AB6-8ECE-4B5A-B399-987019B1343C}.Release|Any CPU.ActiveCfg = Release|Any CPU
		{DE2A4AB6-8ECE-4B5A-B399-987019B1343C}.Release|Any CPU.Build.0 = Release|Any CPU
	EndGlobalSection
	GlobalSection(SolutionProperties) = preSolution
		HideSolutionNode = FALSE
	EndGlobalSection
	GlobalSection(ExtensibilityGlobals) = postSolution
		SolutionGuid = {E1D0EEED-D58C-4897-B8E8-68A9BC998177}
	EndGlobalSection
EndGlobal
